
Microsoft Visual Studio Solution File, Format Version 12.00
# Visual Studio 15
VisualStudioVersion = 15.0.28307.329
MinimumVisualStudioVersion = 10.0.40219.1
Project("{FAE04EC0-301F-11D3-BF4B-00C04F79EFBC}") = "Bellman_Ford", "Bellman_Ford\Bellman_Ford.csproj", "{CAE0AD21-CE18-4E4D-A59E-CB6EB92EFB4B}"
EndProject
Project("{FAE04EC0-301F-11D3-BF4B-00C04F79EFBC}") = "BellmanFordAlgo", "BellmanFordAlgo\BellmanFordAlgo.csproj", "{D629B278-4A49-471E-BEE0-0F1376118448}"
EndProject
Project("{FAE04EC0-301F-11D3-BF4B-00C04F79EFBC}") = "Generator", "Generator\Generator.csproj", "{81B0A4C2-F7D1-4396-AEDA-4A99ABBEAEE2}"
EndProject
Global
	GlobalSection(SolutionConfigurationPlatforms) = preSolution
		Debug|Any CPU = Debug|Any CPU
		Release|Any CPU = Release|Any CPU
	EndGlobalSection
	GlobalSection(ProjectConfigurationPlatforms) = postSolution
		{CAE0AD21-CE18-4E4D-A59E-CB6EB92EFB4B}.Debug|Any CPU.ActiveCfg = Debug|Any CPU
		{CAE0AD21-CE18-4E4D-A59E-CB6EB92EFB4B}.Debug|Any CPU.Build.0 = Debug|Any CPU
		{CAE0AD21-CE18-4E4D-A59E-CB6EB92EFB4B}.Release|Any CPU.ActiveCfg = Release|Any CPU
		{CAE0AD21-CE18-4E4D-A59E-CB6EB92EFB4B}.Release|Any CPU.Build.0 = Release|Any CPU
		{D629B278-4A49-471E-BEE0-0F1376118448}.Debug|Any CPU.ActiveCfg = Debug|Any CPU
		{D629B278-4A49-471E-BEE0-0F1376118448}.Debug|Any CPU.Build.0 = Debug|Any CPU
		{D629B278-4A49-471E-BEE0-0F1376118448}.Release|Any CPU.ActiveCfg = Release|Any CPU
		{D629B278-4A49-471E-BEE0-0F1376118448}.Release|Any CPU.Build.0 = Release|Any CPU
		{81B0A4C2-F7D1-4396-AEDA-4A99ABBEAEE2}.Debug|Any CPU.ActiveCfg = Debug|Any CPU
		{81B0A4C2-F7D1-4396-AEDA-4A99ABBEAEE2}.Debug|Any CPU.Build.0 = Debug|Any CPU
		{81B0A4C2-F7D1-4396-AEDA-4A99ABBEAEE2}.Release|Any CPU.ActiveCfg = Release|Any CPU
		{81B0A4C2-F7D1-4396-AEDA-4A99ABBEAEE2}.Release|Any CPU.Build.0 = Release|Any CPU
	EndGlobalSection
	GlobalSection(SolutionProperties) = preSolution
		HideSolutionNode = FALSE
	EndGlobalSection
	GlobalSection(ExtensibilityGlobals) = postSolution
		SolutionGuid = {EFAA7290-12C5-405B-9A96-73CA21556B17}
	EndGlobalSection
EndGlobal
