
Microsoft Visual Studio Solution File, Format Version 12.00
# Visual Studio Version 16
VisualStudioVersion = 16.0.29519.87
MinimumVisualStudioVersion = 10.0.40219.1
Project("{9A19103F-16F7-4668-BE54-9A1E7A4F7556}") = "Server", "ConsoleApp3\Server.csproj", "{32495A84-5706-4E1D-A3FF-39BEAB297E1B}"
EndProject
Global
	GlobalSection(SolutionConfigurationPlatforms) = preSolution
		Debug|Any CPU = Debug|Any CPU
		Release|Any CPU = Release|Any CPU
	EndGlobalSection
	GlobalSection(ProjectConfigurationPlatforms) = postSolution
		{32495A84-5706-4E1D-A3FF-39BEAB297E1B}.Debug|Any CPU.ActiveCfg = Debug|Any CPU
		{32495A84-5706-4E1D-A3FF-39BEAB297E1B}.Debug|Any CPU.Build.0 = Debug|Any CPU
		{32495A84-5706-4E1D-A3FF-39BEAB297E1B}.Release|Any CPU.ActiveCfg = Release|Any CPU
		{32495A84-5706-4E1D-A3FF-39BEAB297E1B}.Release|Any CPU.Build.0 = Release|Any CPU
	EndGlobalSection
	GlobalSection(SolutionProperties) = preSolution
		HideSolutionNode = FALSE
	EndGlobalSection
	GlobalSection(ExtensibilityGlobals) = postSolution
		SolutionGuid = {05A855B1-E8E0-4B40-980C-CD383476B53D}
	EndGlobalSection
EndGlobal
